
Microsoft Visual Studio Solution File, Format Version 12.00
# Visual Studio Version 17
VisualStudioVersion = 17.11.35222.181
MinimumVisualStudioVersion = 10.0.40219.1
Project("{FAE04EC0-301F-11D3-BF4B-00C04F79EFBC}") = "TarFileArchiver", "TarFileArchiver.csproj", "{194ACFD1-8309-4E7E-A260-FBEF1F253288}"
EndProject
Global
	GlobalSection(SolutionConfigurationPlatforms) = preSolution
		Debug|Any CPU = Debug|Any CPU
		Release|Any CPU = Release|Any CPU
	EndGlobalSection
	GlobalSection(ProjectConfigurationPlatforms) = postSolution
		{194ACFD1-8309-4E7E-A260-FBEF1F253288}.Debug|Any CPU.ActiveCfg = Debug|Any CPU
		{194ACFD1-8309-4E7E-A260-FBEF1F253288}.Debug|Any CPU.Build.0 = Debug|Any CPU
		{194ACFD1-8309-4E7E-A260-FBEF1F253288}.Release|Any CPU.ActiveCfg = Release|Any CPU
		{194ACFD1-8309-4E7E-A260-FBEF1F253288}.Release|Any CPU.Build.0 = Release|Any CPU
	EndGlobalSection
	GlobalSection(SolutionProperties) = preSolution
		HideSolutionNode = FALSE
	EndGlobalSection
	GlobalSection(ExtensibilityGlobals) = postSolution
		SolutionGuid = {4085F80A-F2B9-450D-B456-D55A3468B794}
	EndGlobalSection
EndGlobal
